
Microsoft Visual Studio Solution File, Format Version 12.00
# Visual Studio Version 16
VisualStudioVersion = 16.0.29418.71
MinimumVisualStudioVersion = 10.0.40219.1
Project("{9A19103F-16F7-4668-BE54-9A1E7A4F7556}") = "BeatAndMetreEstimator", "BeatAndMetreEstimator\BeatAndMetreEstimator.csproj", "{0D2A5B47-0456-4ABC-A364-71BAD5595F97}"
EndProject
Project("{FAE04EC0-301F-11D3-BF4B-00C04F79EFBC}") = "BeatAndMetreEstimator.Logic", "BeatAndMetreEstimator.Logic\BeatAndMetreEstimator.Logic.csproj", "{4B2F5062-07A6-47CD-B14E-3C721AF07AF0}"
EndProject
Global
	GlobalSection(SolutionConfigurationPlatforms) = preSolution
		Debug|Any CPU = Debug|Any CPU
		Release|Any CPU = Release|Any CPU
	EndGlobalSection
	GlobalSection(ProjectConfigurationPlatforms) = postSolution
		{0D2A5B47-0456-4ABC-A364-71BAD5595F97}.Debug|Any CPU.ActiveCfg = Debug|Any CPU
		{0D2A5B47-0456-4ABC-A364-71BAD5595F97}.Debug|Any CPU.Build.0 = Debug|Any CPU
		{0D2A5B47-0456-4ABC-A364-71BAD5595F97}.Release|Any CPU.ActiveCfg = Release|Any CPU
		{0D2A5B47-0456-4ABC-A364-71BAD5595F97}.Release|Any CPU.Build.0 = Release|Any CPU
		{4B2F5062-07A6-47CD-B14E-3C721AF07AF0}.Debug|Any CPU.ActiveCfg = Debug|Any CPU
		{4B2F5062-07A6-47CD-B14E-3C721AF07AF0}.Debug|Any CPU.Build.0 = Debug|Any CPU
		{4B2F5062-07A6-47CD-B14E-3C721AF07AF0}.Release|Any CPU.ActiveCfg = Release|Any CPU
		{4B2F5062-07A6-47CD-B14E-3C721AF07AF0}.Release|Any CPU.Build.0 = Release|Any CPU
	EndGlobalSection
	GlobalSection(SolutionProperties) = preSolution
		HideSolutionNode = FALSE
	EndGlobalSection
	GlobalSection(ExtensibilityGlobals) = postSolution
		SolutionGuid = {8AA6E146-45B2-4A77-AC67-631B4B711217}
	EndGlobalSection
EndGlobal
